// !$*UTF8*$!
{
	archiveVersion = 1;
	classes = {
	};
	objectVersion = 50;
	objects = {

/* Begin PBXBuildFile section */
		3B264DC5219113DE00267B77 /* AppDelegate.swift in Sources */ = {isa = PBXBuildFile; fileRef = 3B264DC4219113DE00267B77 /* AppDelegate.swift */; };
		3B264DC7219113DE00267B77 /* ViewController.swift in Sources */ = {isa = PBXBuildFile; fileRef = 3B264DC6219113DE00267B77 /* ViewController.swift */; };
		3B264DCA219113DE00267B77 /* Main.storyboard in Resources */ = {isa = PBXBuildFile; fileRef = 3B264DC8219113DE00267B77 /* Main.storyboard */; };
		3B264DCC219113DE00267B77 /* Assets.xcassets in Resources */ = {isa = PBXBuildFile; fileRef = 3B264DCB219113DE00267B77 /* Assets.xcassets */; };
		3B264DCF219113DE00267B77 /* LaunchScreen.storyboard in Resources */ = {isa = PBXBuildFile; fileRef = 3B264DCD219113DE00267B77 /* LaunchScreen.storyboard */; };
		3B264DDA219113DE00267B77 /* ElementQuizTests.swift in Sources */ = {isa = PBXBuildFile; fileRef = 3B264DD9219113DE00267B77 /* ElementQuizTests.swift */; };
		3B264DE5219113DE00267B77 /* ElementQuizUITests.swift in Sources */ = {isa = PBXBuildFile; fileRef = 3B264DE4219113DE00267B77 /* ElementQuizUITests.swift */; };
		3B405E0C2192718300E9CC0A /* ChemicalElement.swift in Sources */ = {isa = PBXBuildFile; fileRef = 3B405E0B2192718300E9CC0A /* ChemicalElement.swift */; };
/* End PBXBuildFile section */

/* Begin PBXContainerItemProxy section */
		3B264DD6219113DE00267B77 /* PBXContainerItemProxy */ = {
			isa = PBXContainerItemProxy;
			containerPortal = 3B264DB9219113DE00267B77 /* Project object */;
			proxyType = 1;
			remoteGlobalIDString = 3B264DC0219113DE00267B77;
			remoteInfo = ElementQuiz;
		};
		3B264DE1219113DE00267B77 /* PBXContainerItemProxy */ = {
			isa = PBXContainerItemProxy;
			containerPortal = 3B264DB9219113DE00267B77 /* Project object */;
			proxyType = 1;
			remoteGlobalIDString = 3B264DC0219113DE00267B77;
			remoteInfo = ElementQuiz;
		};
/* End PBXContainerItemProxy section */

/* Begin PBXFileReference section */
		3B264DC1219113DE00267B77 /* ElementQuiz.app */ = {isa = PBXFileReference; explicitFileType = wrapper.application; includeInIndex = 0; path = ElementQuiz.app; sourceTree = BUILT_PRODUCTS_DIR; };
		3B264DC4219113DE00267B77 /* AppDelegate.swift */ = {isa = PBXFileReference; lastKnownFileType = sourcecode.swift; path = AppDelegate.swift; sourceTree = "<group>"; };
		3B264DC6219113DE00267B77 /* ViewController.swift */ = {isa = PBXFileReference; lastKnownFileType = sourcecode.swift; path = ViewController.swift; sourceTree = "<group>"; };
		3B264DC9219113DE00267B77 /* Base */ = {isa = PBXFileReference; lastKnownFileType = file.storyboard; name = Base; path = Base.lproj/Main.storyboard; sourceTree = "<group>"; };
		3B264DCB219113DE00267B77 /* Assets.xcassets */ = {isa = PBXFileReference; lastKnownFileType = folder.assetcatalog; path = Assets.xcassets; sourceTree = "<group>"; };
		3B264DCE219113DE00267B77 /* Base */ = {isa = PBXFileReference; lastKnownFileType = file.storyboard; name = Base; path = Base.lproj/LaunchScreen.storyboard; sourceTree = "<group>"; };
		3B264DD0219113DE00267B77 /* Info.plist */ = {isa = PBXFileReference; lastKnownFileType = text.plist.xml; path = Info.plist; sourceTree = "<group>"; };
		3B264DD5219113DE00267B77 /* ElementQuizTests.xctest */ = {isa = PBXFileReference; explicitFileType = wrapper.cfbundle; includeInIndex = 0; path = ElementQuizTests.xctest; sourceTree = BUILT_PRODUCTS_DIR; };
		3B264DD9219113DE00267B77 /* ElementQuizTests.swift */ = {isa = PBXFileReference; lastKnownFileType = sourcecode.swift; path = ElementQuizTests.swift; sourceTree = "<group>"; };
		3B264DDB219113DE00267B77 /* Info.plist */ = {isa = PBXFileReference; lastKnownFileType = text.plist.xml; path = Info.plist; sourceTree = "<group>"; };
		3B264DE0219113DE00267B77 /* ElementQuizUITests.xctest */ = {isa = PBXFileReference; explicitFileType = wrapper.cfbundle; includeInIndex = 0; path = ElementQuizUITests.xctest; sourceTree = BUILT_PRODUCTS_DIR; };
		3B264DE4219113DE00267B77 /* ElementQuizUITests.swift */ = {isa = PBXFileReference; lastKnownFileType = sourcecode.swift; path = ElementQuizUITests.swift; sourceTree = "<group>"; };
		3B264DE6219113DE00267B77 /* Info.plist */ = {isa = PBXFileReference; lastKnownFileType = text.plist.xml; path = Info.plist; sourceTree = "<group>"; };
		3B405E0B2192718300E9CC0A /* ChemicalElement.swift */ = {isa = PBXFileReference; lastKnownFileType = sourcecode.swift; path = ChemicalElement.swift; sourceTree = "<group>"; };
/* End PBXFileReference section */

/* Begin PBXFrameworksBuildPhase section */
		3B264DBE219113DE00267B77 /* Frameworks */ = {
			isa = PBXFrameworksBuildPhase;
			buildActionMask = 2147483647;
			files = (
			);
			runOnlyForDeploymentPostprocessing = 0;
		};
		3B264DD2219113DE00267B77 /* Frameworks */ = {
			isa = PBXFrameworksBuildPhase;
			buildActionMask = 2147483647;
			files = (
			);
			runOnlyForDeploymentPostprocessing = 0;
		};
		3B264DDD219113DE00267B77 /* Frameworks */ = {
			isa = PBXFrameworksBuildPhase;
			buildActionMask = 2147483647;
			files = (
			);
			runOnlyForDeploymentPostprocessing = 0;
		};
/* End PBXFrameworksBuildPhase section */

/* Begin PBXGroup section */
		3B264DB8219113DE00267B77 = {
			isa = PBXGroup;
			children = (
				3B264DC3219113DE00267B77 /* ElementQuiz */,
				3B264DD8219113DE00267B77 /* ElementQuizTests */,
				3B264DE3219113DE00267B77 /* ElementQuizUITests */,
				3B264DC2219113DE00267B77 /* Products */,
			);
			sourceTree = "<group>";
		};
		3B264DC2219113DE00267B77 /* Products */ = {
			isa = PBXGroup;
			children = (
				3B264DC1219113DE00267B77 /* ElementQuiz.app */,
				3B264DD5219113DE00267B77 /* ElementQuizTests.xctest */,
				3B264DE0219113DE00267B77 /* ElementQuizUITests.xctest */,
			);
			name = Products;
			sourceTree = "<group>";
		};
		3B264DC3219113DE00267B77 /* ElementQuiz */ = {
			isa = PBXGroup;
			children = (
				3B264DC4219113DE00267B77 /* AppDelegate.swift */,
				3B264DC6219113DE00267B77 /* ViewController.swift */,
				3B264DC8219113DE00267B77 /* Main.storyboard */,
				3B405E0B2192718300E9CC0A /* ChemicalElement.swift */,
				3B264DCB219113DE00267B77 /* Assets.xcassets */,
				3B264DCD219113DE00267B77 /* LaunchScreen.storyboard */,
				3B264DD0219113DE00267B77 /* Info.plist */,
			);
			path = ElementQuiz;
			sourceTree = "<group>";
		};
		3B264DD8219113DE00267B77 /* ElementQuizTests */ = {
			isa = PBXGroup;
			children = (
				3B264DD9219113DE00267B77 /* ElementQuizTests.swift */,
				3B264DDB219113DE00267B77 /* Info.plist */,
			);
			path = ElementQuizTests;
			sourceTree = "<group>";
		};
		3B264DE3219113DE00267B77 /* ElementQuizUITests */ = {
			isa = PBXGroup;
			children = (
				3B264DE4219113DE00267B77 /* ElementQuizUITests.swift */,
				3B264DE6219113DE00267B77 /* Info.plist */,
			);
			path = ElementQuizUITests;
			sourceTree = "<group>";
		};
/* End PBXGroup section */

/* Begin PBXNativeTarget section */
		3B264DC0219113DE00267B77 /* ElementQuiz */ = {
			isa = PBXNativeTarget;
			buildConfigurationList = 3B264DE9219113DE00267B77 /* Build configuration list for PBXNativeTarget "ElementQuiz" */;
			buildPhases = (
				3B264DBD219113DE00267B77 /* Sources */,
				3B264DBE219113DE00267B77 /* Frameworks */,
				3B264DBF219113DE00267B77 /* Resources */,
			);
			buildRules = (
			);
			dependencies = (
			);
			name = ElementQuiz;
			productName = ElementQuiz;
			productReference = 3B264DC1219113DE00267B77 /* ElementQuiz.app */;
			productType = "com.apple.product-type.application";
		};
		3B264DD4219113DE00267B77 /* ElementQuizTests */ = {
			isa = PBXNativeTarget;
			buildConfigurationList = 3B264DEC219113DE00267B77 /* Build configuration list for PBXNativeTarget "ElementQuizTests" */;
			buildPhases = (
				3B264DD1219113DE00267B77 /* Sources */,
				3B264DD2219113DE00267B77 /* Frameworks */,
				3B264DD3219113DE00267B77 /* Resources */,
			);
			buildRules = (
			);
			dependencies = (
				3B264DD7219113DE00267B77 /* PBXTargetDependency */,
			);
			name = ElementQuizTests;
			productName = ElementQuizTests;
			productReference = 3B264DD5219113DE00267B77 /* ElementQuizTests.xctest */;
			productType = "com.apple.product-type.bundle.unit-test";
		};
		3B264DDF219113DE00267B77 /* ElementQuizUITests */ = {
			isa = PBXNativeTarget;
			buildConfigurationList = 3B264DEF219113DE00267B77 /* Build configuration list for PBXNativeTarget "ElementQuizUITests" */;
			buildPhases = (
				3B264DDC219113DE00267B77 /* Sources */,
				3B264DDD219113DE00267B77 /* Frameworks */,
				3B264DDE219113DE00267B77 /* Resources */,
			);
			buildRules = (
			);
			dependencies = (
				3B264DE2219113DE00267B77 /* PBXTargetDependency */,
			);
			name = ElementQuizUITests;
			productName = ElementQuizUITests;
			productReference = 3B264DE0219113DE00267B77 /* ElementQuizUITests.xctest */;
			productType = "com.apple.product-type.bundle.ui-testing";
		};
/* End PBXNativeTarget section */

/* Begin PBXProject section */
		3B264DB9219113DE00267B77 /* Project object */ = {
			isa = PBXProject;
			attributes = {
				LastSwiftUpdateCheck = 1010;
				LastUpgradeCheck = 1010;
				ORGANIZATIONNAME = "James Chun";
				TargetAttributes = {
					3B264DC0219113DE00267B77 = {
						CreatedOnToolsVersion = 10.1;
					};
					3B264DD4219113DE00267B77 = {
						CreatedOnToolsVersion = 10.1;
						TestTargetID = 3B264DC0219113DE00267B77;
					};
					3B264DDF219113DE00267B77 = {
						CreatedOnToolsVersion = 10.1;
						TestTargetID = 3B264DC0219113DE00267B77;
					};
				};
			};
			buildConfigurationList = 3B264DBC219113DE00267B77 /* Build configuration list for PBXProject "ElementQuiz" */;
			compatibilityVersion = "Xcode 9.3";
			developmentRegion = en;
			hasScannedForEncodings = 0;
			knownRegions = (
				en,
				Base,
			);
			mainGroup = 3B264DB8219113DE00267B77;
			productRefGroup = 3B264DC2219113DE00267B77 /* Products */;
			projectDirPath = "";
			projectRoot = "";
			targets = (
				3B264DC0219113DE00267B77 /* ElementQuiz */,
				3B264DD4219113DE00267B77 /* ElementQuizTests */,
				3B264DDF219113DE00267B77 /* ElementQuizUITests */,
			);
		};
/* End PBXProject section */

/* Begin PBXResourcesBuildPhase section */
		3B264DBF219113DE00267B77 /* Resources */ = {
			isa = PBXResourcesBuildPhase;
			buildActionMask = 2147483647;
			files = (
				3B264DCF219113DE00267B77 /* LaunchScreen.storyboard in Resources */,
				3B264DCC219113DE00267B77 /* Assets.xcassets in Resources */,
				3B264DCA219113DE00267B77 /* Main.storyboard in Resources */,
			);
			runOnlyForDeploymentPostprocessing = 0;
		};
		3B264DD3219113DE00267B77 /* Resources */ = {
			isa = PBXResourcesBuildPhase;
			buildActionMask = 2147483647;
			files = (
			);
			runOnlyForDeploymentPostprocessing = 0;
		};
		3B264DDE219113DE00267B77 /* Resources */ = {
			isa = PBXResourcesBuildPhase;
			buildActionMask = 2147483647;
			files = (
			);
			runOnlyForDeploymentPostprocessing = 0;
		};
/* End PBXResourcesBuildPhase section */

/* Begin PBXSourcesBuildPhase section */
		3B264DBD219113DE00267B77 /* Sources */ = {
			isa = PBXSourcesBuildPhase;
			buildActionMask = 2147483647;
			files = (
				3B264DC7219113DE00267B77 /* ViewController.swift in Sources */,
				3B264DC5219113DE00267B77 /* AppDelegate.swift in Sources */,
				3B405E0C2192718300E9CC0A /* ChemicalElement.swift in Sources */,
			);
			runOnlyForDeploymentPostprocessing = 0;
		};
		3B264DD1219113DE00267B77 /* Sources */ = {
			isa = PBXSourcesBuildPhase;
			buildActionMask = 2147483647;
			files = (
				3B264DDA219113DE00267B77 /* ElementQuizTests.swift in Sources */,
			);
			runOnlyForDeploymentPostprocessing = 0;
		};
		3B264DDC219113DE00267B77 /* Sources */ = {
			isa = PBXSourcesBuildPhase;
			buildActionMask = 2147483647;
			files = (
				3B264DE5219113DE00267B77 /* ElementQuizUITests.swift in Sources */,
			);
			runOnlyForDeploymentPostprocessing = 0;
		};
/* End PBXSourcesBuildPhase section */

/* Begin PBXTargetDependency section */
		3B264DD7219113DE00267B77 /* PBXTargetDependency */ = {
			isa = PBXTargetDependency;
			target = 3B264DC0219113DE00267B77 /* ElementQuiz */;
			targetProxy = 3B264DD6219113DE00267B77 /* PBXContainerItemProxy */;
		};
		3B264DE2219113DE00267B77 /* PBXTargetDependency */ = {
			isa = PBXTargetDependency;
			target = 3B264DC0219113DE00267B77 /* ElementQuiz */;
			targetProxy = 3B264DE1219113DE00267B77 /* PBXContainerItemProxy */;
		};
/* End PBXTargetDependency section */

/* Begin PBXVariantGroup section */
		3B264DC8219113DE00267B77 /* Main.storyboard */ = {
			isa = PBXVariantGroup;
			children = (
				3B264DC9219113DE00267B77 /* Base */,
			);
			name = Main.storyboard;
			sourceTree = "<group>";
		};
		3B264DCD219113DE00267B77 /* LaunchScreen.storyboard */ = {
			isa = PBXVariantGroup;
			children = (
				3B264DCE219113DE00267B77 /* Base */,
			);
			name = LaunchScreen.storyboard;
			sourceTree = "<group>";
		};
/* End PBXVariantGroup section */

/* Begin XCBuildConfiguration section */
		3B264DE7219113DE00267B77 /* Debug */ = {
			isa = XCBuildConfiguration;
			buildSettings = {
				ALWAYS_SEARCH_USER_PATHS = NO;
				CLANG_ANALYZER_NONNULL = YES;
				CLANG_ANALYZER_NUMBER_OBJECT_CONVERSION = YES_AGGRESSIVE;
				CLANG_CXX_LANGUAGE_STANDARD = "gnu++14";
				CLANG_CXX_LIBRARY = "libc++";
				CLANG_ENABLE_MODULES = YES;
				CLANG_ENABLE_OBJC_ARC = YES;
				CLANG_ENABLE_OBJC_WEAK = YES;
				CLANG_WARN_BLOCK_CAPTURE_AUTORELEASING = YES;
				CLANG_WARN_BOOL_CONVERSION = YES;
				CLANG_WARN_COMMA = YES;
				CLANG_WARN_CONSTANT_CONVERSION = YES;
				CLANG_WARN_DEPRECATED_OBJC_IMPLEMENTATIONS = YES;
				CLANG_WARN_DIRECT_OBJC_ISA_USAGE = YES_ERROR;
				CLANG_WARN_DOCUMENTATION_COMMENTS = YES;
				CLANG_WARN_EMPTY_BODY = YES;
				CLANG_WARN_ENUM_CONVERSION = YES;
				CLANG_WARN_INFINITE_RECURSION = YES;
				CLANG_WARN_INT_CONVERSION = YES;
				CLANG_WARN_NON_LITERAL_NULL_CONVERSION = YES;
				CLANG_WARN_OBJC_IMPLICIT_RETAIN_SELF = YES;
				CLANG_WARN_OBJC_LITERAL_CONVERSION = YES;
				CLANG_WARN_OBJC_ROOT_CLASS = YES_ERROR;
				CLANG_WARN_RANGE_LOOP_ANALYSIS = YES;
				CLANG_WARN_STRICT_PROTOTYPES = YES;
				CLANG_WARN_SUSPICIOUS_MOVE = YES;
				CLANG_WARN_UNGUARDED_AVAILABILITY = YES_AGGRESSIVE;
				CLANG_WARN_UNREACHABLE_CODE = YES;
				CLANG_WARN__DUPLICATE_METHOD_MATCH = YES;
				CODE_SIGN_IDENTITY = "iPhone Developer";
				COPY_PHASE_STRIP = NO;
				DEBUG_INFORMATION_FORMAT = dwarf;
				ENABLE_STRICT_OBJC_MSGSEND = YES;
				ENABLE_TESTABILITY = YES;
				GCC_C_LANGUAGE_STANDARD = gnu11;
				GCC_DYNAMIC_NO_PIC = NO;
				GCC_NO_COMMON_BLOCKS = YES;
				GCC_OPTIMIZATION_LEVEL = 0;
				GCC_PREPROCESSOR_DEFINITIONS = (
					"DEBUG=1",
					"$(inherited)",
				);
				GCC_WARN_64_TO_32_BIT_CONVERSION = YES;
				GCC_WARN_ABOUT_RETURN_TYPE = YES_ERROR;
				GCC_WARN_UNDECLARED_SELECTOR = YES;
				GCC_WARN_UNINITIALIZED_AUTOS = YES_AGGRESSIVE;
				GCC_WARN_UNUSED_FUNCTION = YES;
				GCC_WARN_UNUSED_VARIABLE = YES;
				IPHONEOS_DEPLOYMENT_TARGET = 12.1;
				MTL_ENABLE_DEBUG_INFO = INCLUDE_SOURCE;
				MTL_FAST_MATH = YES;
				ONLY_ACTIVE_ARCH = YES;
				SDKROOT = iphoneos;
				SWIFT_ACTIVE_COMPILATION_CONDITIONS = DEBUG;
				SWIFT_OPTIMIZATION_LEVEL = "-Onone";
			};
			name = Debug;
		};
		3B264DE8219113DE00267B77 /* Release */ = {
			isa = XCBuildConfiguration;
			buildSettings = {
				ALWAYS_SEARCH_USER_PATHS = NO;
				CLANG_ANALYZER_NONNULL = YES;
				CLANG_ANALYZER_NUMBER_OBJECT_CONVERSION = YES_AGGRESSIVE;
				CLANG_CXX_LANGUAGE_STANDARD = "gnu++14";
				CLANG_CXX_LIBRARY = "libc++";
				CLANG_ENABLE_MODULES = YES;
				CLANG_ENABLE_OBJC_ARC = YES;
				CLANG_ENABLE_OBJC_WEAK = YES;
				CLANG_WARN_BLOCK_CAPTURE_AUTORELEASING = YES;
				CLANG_WARN_BOOL_CONVERSION = YES;
				CLANG_WARN_COMMA = YES;
				CLANG_WARN_CONSTANT_CONVERSION = YES;
				CLANG_WARN_DEPRECATED_OBJC_IMPLEMENTATIONS = YES;
				CLANG_WARN_DIRECT_OBJC_ISA_USAGE = YES_ERROR;
				CLANG_WARN_DOCUMENTATION_COMMENTS = YES;
				CLANG_WARN_EMPTY_BODY = YES;
				CLANG_WARN_ENUM_CONVERSION = YES;
				CLANG_WARN_INFINITE_RECURSION = YES;
				CLANG_WARN_INT_CONVERSION = YES;
				CLANG_WARN_NON_LITERAL_NULL_CONVERSION = YES;
				CLANG_WARN_OBJC_IMPLICIT_RETAIN_SELF = YES;
				CLANG_WARN_OBJC_LITERAL_CONVERSION = YES;
				CLANG_WARN_OBJC_ROOT_CLASS = YES_ERROR;
				CLANG_WARN_RANGE_LOOP_ANALYSIS = YES;
				CLANG_WARN_STRICT_PROTOTYPES = YES;
				CLANG_WARN_SUSPICIOUS_MOVE = YES;
				CLANG_WARN_UNGUARDED_AVAILABILITY = YES_AGGRESSIVE;
				CLANG_WARN_UNREACHABLE_CODE = YES;
				CLANG_WARN__DUPLICATE_METHOD_MATCH = YES;
				CODE_SIGN_IDENTITY = "iPhone Developer";
				COPY_PHASE_STRIP = NO;
				DEBUG_INFORMATION_FORMAT = "dwarf-with-dsym";
				ENABLE_NS_ASSERTIONS = NO;
				ENABLE_STRICT_OBJC_MSGSEND = YES;
				GCC_C_LANGUAGE_STANDARD = gnu11;
				GCC_NO_COMMON_BLOCKS = YES;
				GCC_WARN_64_TO_32_BIT_CONVERSION = YES;
				GCC_WARN_ABOUT_RETURN_TYPE = YES_ERROR;
				GCC_WARN_UNDECLARED_SELECTOR = YES;
				GCC_WARN_UNINITIALIZED_AUTOS = YES_AGGRESSIVE;
				GCC_WARN_UNUSED_FUNCTION = YES;
				GCC_WARN_UNUSED_VARIABLE = YES;
				IPHONEOS_DEPLOYMENT_TARGET = 12.1;
				MTL_ENABLE_DEBUG_INFO = NO;
				MTL_FAST_MATH = YES;
				SDKROOT = iphoneos;
				SWIFT_COMPILATION_MODE = wholemodule;
				SWIFT_OPTIMIZATION_LEVEL = "-O";
				VALIDATE_PRODUCT = YES;
			};
			name = Release;
		};
		3B264DEA219113DE00267B77 /* Debug */ = {
			isa = XCBuildConfiguration;
			buildSettings = {
				ASSETCATALOG_COMPILER_APPICON_NAME = AppIcon;
				CODE_SIGN_STYLE = Manual;
				DEVELOPMENT_TEAM = "";
				INFOPLIST_FILE = ElementQuiz/Info.plist;
				LD_RUNPATH_SEARCH_PATHS = (
					"$(inherited)",
					"@executable_path/Frameworks",
				);
				PRODUCT_BUNDLE_IDENTIFIER = com.jameswchun.ElementQuiz;
				PRODUCT_NAME = "$(TARGET_NAME)";
				PROVISIONING_PROFILE_SPECIFIER = "";
				SWIFT_VERSION = 4.2;
				TARGETED_DEVICE_FAMILY = "1,2";
			};
			name = Debug;
		};
		3B264DEB219113DE00267B77 /* Release */ = {
			isa = XCBuildConfiguration;
			buildSettings = {
				ASSETCATALOG_COMPILER_APPICON_NAME = AppIcon;
				CODE_SIGN_STYLE = Manual;
				DEVELOPMENT_TEAM = "";
				INFOPLIST_FILE = ElementQuiz/Info.plist;
				LD_RUNPATH_SEARCH_PATHS = (
					"$(inherited)",
					"@executable_path/Frameworks",
				);
				PRODUCT_BUNDLE_IDENTIFIER = com.jameswchun.ElementQuiz;
				PRODUCT_NAME = "$(TARGET_NAME)";
				PROVISIONING_PROFILE_SPECIFIER = "";
				SWIFT_VERSION = 4.2;
				TARGETED_DEVICE_FAMILY = "1,2";
			};
			name = Release;
		};
		3B264DED219113DE00267B77 /* Debug */ = {
			isa = XCBuildConfiguration;
			buildSettings = {
				ALWAYS_EMBED_SWIFT_STANDARD_LIBRARIES = YES;
				BUNDLE_LOADER = "$(TEST_HOST)";
				CODE_SIGN_STYLE = Automatic;
				INFOPLIST_FILE = ElementQuizTests/Info.plist;
				LD_RUNPATH_SEARCH_PATHS = (
					"$(inherited)",
					"@executable_path/Frameworks",
					"@loader_path/Frameworks",
				);
				PRODUCT_BUNDLE_IDENTIFIER = com.jameswchun.ElementQuizTests;
				PRODUCT_NAME = "$(TARGET_NAME)";
				SWIFT_VERSION = 4.2;
				TARGETED_DEVICE_FAMILY = "1,2";
				TEST_HOST = "$(BUILT_PRODUCTS_DIR)/ElementQuiz.app/ElementQuiz";
			};
			name = Debug;
		};
		3B264DEE219113DE00267B77 /* Release */ = {
			isa = XCBuildConfiguration;
			buildSettings = {
				ALWAYS_EMBED_SWIFT_STANDARD_LIBRARIES = YES;
				BUNDLE_LOADER = "$(TEST_HOST)";
				CODE_SIGN_STYLE = Automatic;
				INFOPLIST_FILE = ElementQuizTests/Info.plist;
				LD_RUNPATH_SEARCH_PATHS = (
					"$(inherited)",
					"@executable_path/Frameworks",
					"@loader_path/Frameworks",
				);
				PRODUCT_BUNDLE_IDENTIFIER = com.jameswchun.ElementQuizTests;
				PRODUCT_NAME = "$(TARGET_NAME)";
				SWIFT_VERSION = 4.2;
				TARGETED_DEVICE_FAMILY = "1,2";
				TEST_HOST = "$(BUILT_PRODUCTS_DIR)/ElementQuiz.app/ElementQuiz";
			};
			name = Release;
		};
		3B264DF0219113DE00267B77 /* Debug */ = {
			isa = XCBuildConfiguration;
			buildSettings = {
				ALWAYS_EMBED_SWIFT_STANDARD_LIBRARIES = YES;
				CODE_SIGN_STYLE = Automatic;
				INFOPLIST_FILE = ElementQuizUITests/Info.plist;
				LD_RUNPATH_SEARCH_PATHS = (
					"$(inherited)",
					"@executable_path/Frameworks",
					"@loader_path/Frameworks",
				);
				PRODUCT_BUNDLE_IDENTIFIER = com.jameswchun.ElementQuizUITests;
				PRODUCT_NAME = "$(TARGET_NAME)";
				SWIFT_VERSION = 4.2;
				TARGETED_DEVICE_FAMILY = "1,2";
				TEST_TARGET_NAME = ElementQuiz;
			};
			name = Debug;
		};
		3B264DF1219113DE00267B77 /* Release */ = {
			isa = XCBuildConfiguration;
			buildSettings = {
				ALWAYS_EMBED_SWIFT_STANDARD_LIBRARIES = YES;
				CODE_SIGN_STYLE = Automatic;
				INFOPLIST_FILE = ElementQuizUITests/Info.plist;
				LD_RUNPATH_SEARCH_PATHS = (
					"$(inherited)",
					"@executable_path/Frameworks",
					"@loader_path/Frameworks",
				);
				PRODUCT_BUNDLE_IDENTIFIER = com.jameswchun.ElementQuizUITests;
				PRODUCT_NAME = "$(TARGET_NAME)";
				SWIFT_VERSION = 4.2;
				TARGETED_DEVICE_FAMILY = "1,2";
				TEST_TARGET_NAME = ElementQuiz;
			};
			name = Release;
		};
/* End XCBuildConfiguration section */

/* Begin XCConfigurationList section */
		3B264DBC219113DE00267B77 /* Build configuration list for PBXProject "ElementQuiz" */ = {
			isa = XCConfigurationList;
			buildConfigurations = (
				3B264DE7219113DE00267B77 /* Debug */,
				3B264DE8219113DE00267B77 /* Release */,
			);
			defaultConfigurationIsVisible = 0;
			defaultConfigurationName = Release;
		};
		3B264DE9219113DE00267B77 /* Build configuration list for PBXNativeTarget "ElementQuiz" */ = {
			isa = XCConfigurationList;
			buildConfigurations = (
				3B264DEA219113DE00267B77 /* Debug */,
				3B264DEB219113DE00267B77 /* Release */,
			);
			defaultConfigurationIsVisible = 0;
			defaultConfigurationName = Release;
		};
		3B264DEC219113DE00267B77 /* Build configuration list for PBXNativeTarget "ElementQuizTests" */ = {
			isa = XCConfigurationList;
			buildConfigurations = (
				3B264DED219113DE00267B77 /* Debug */,
				3B264DEE219113DE00267B77 /* Release */,
			);
			defaultConfigurationIsVisible = 0;
			defaultConfigurationName = Release;
		};
		3B264DEF219113DE00267B77 /* Build configuration list for PBXNativeTarget "ElementQuizUITests" */ = {
			isa = XCConfigurationList;
			buildConfigurations = (
				3B264DF0219113DE00267B77 /* Debug */,
				3B264DF1219113DE00267B77 /* Release */,
			);
			defaultConfigurationIsVisible = 0;
			defaultConfigurationName = Release;
		};
/* End XCConfigurationList section */
	};
	rootObject = 3B264DB9219113DE00267B77 /* Project object */;
}
